
Microsoft Visual Studio Solution File, Format Version 12.00
# Visual Studio Version 17
VisualStudioVersion = 17.11.35222.181
MinimumVisualStudioVersion = 10.0.40219.1
Project("{FAE04EC0-301F-11D3-BF4B-00C04F79EFBC}") = "Laba3", "Laba3\Laba3.csproj", "{702AD284-0BB4-4B71-A634-B4A4463FCC67}"
EndProject
Global
	GlobalSection(SolutionConfigurationPlatforms) = preSolution
		Debug|Any CPU = Debug|Any CPU
		Release|Any CPU = Release|Any CPU
	EndGlobalSection
	GlobalSection(ProjectConfigurationPlatforms) = postSolution
		{702AD284-0BB4-4B71-A634-B4A4463FCC67}.Debug|Any CPU.ActiveCfg = Debug|Any CPU
		{702AD284-0BB4-4B71-A634-B4A4463FCC67}.Debug|Any CPU.Build.0 = Debug|Any CPU
		{702AD284-0BB4-4B71-A634-B4A4463FCC67}.Release|Any CPU.ActiveCfg = Release|Any CPU
		{702AD284-0BB4-4B71-A634-B4A4463FCC67}.Release|Any CPU.Build.0 = Release|Any CPU
	EndGlobalSection
	GlobalSection(SolutionProperties) = preSolution
		HideSolutionNode = FALSE
	EndGlobalSection
	GlobalSection(ExtensibilityGlobals) = postSolution
		SolutionGuid = {1BDBA8EE-157C-4E9B-948A-F167BFA60A87}
	EndGlobalSection
EndGlobal
